
Microsoft Visual Studio Solution File, Format Version 12.00
# Visual Studio Version 16
VisualStudioVersion = 16.0.30011.22
MinimumVisualStudioVersion = 10.0.40219.1
Project("{FAE04EC0-301F-11D3-BF4B-00C04F79EFBC}") = "ScheduleDownloader", "ScheduleDownloader\ScheduleDownloader.csproj", "{AE670CA7-F262-45B3-9546-358A57728D77}"
EndProject
Global
	GlobalSection(SolutionConfigurationPlatforms) = preSolution
		Debug|Any CPU = Debug|Any CPU
		Release|Any CPU = Release|Any CPU
	EndGlobalSection
	GlobalSection(ProjectConfigurationPlatforms) = postSolution
		{AE670CA7-F262-45B3-9546-358A57728D77}.Debug|Any CPU.ActiveCfg = Debug|Any CPU
		{AE670CA7-F262-45B3-9546-358A57728D77}.Debug|Any CPU.Build.0 = Debug|Any CPU
		{AE670CA7-F262-45B3-9546-358A57728D77}.Release|Any CPU.ActiveCfg = Release|Any CPU
		{AE670CA7-F262-45B3-9546-358A57728D77}.Release|Any CPU.Build.0 = Release|Any CPU
	EndGlobalSection
	GlobalSection(SolutionProperties) = preSolution
		HideSolutionNode = FALSE
	EndGlobalSection
	GlobalSection(ExtensibilityGlobals) = postSolution
		SolutionGuid = {D592BBA1-7066-43BA-BDCF-54165CCA05FA}
	EndGlobalSection
EndGlobal
